github.com/brunetto/goutils v0.0.0-20170821131221-92d80fb4e58c h1:aNsYAx+m44u9VjULEsXkJzL7QOIjMKZjbLz+pLI3gl4=
github.com/brunetto/goutils v0.0.0-20170821131221-92d80fb4e58c/go.mod h1:5YxcU/PofJ3eSlsfb8KGn7l1qQPgp3F0r+w5uLTGp9g=
github.com/pkg/errors v0.0.0-20171018195549-f15c970de5b7 h1:rRublLXoszYPRZV8Ikd3RTmqVCW289H3FsgqRcfDZhY=
github.com/pkg/errors v0.0.0-20171018195549-f15c970de5b7/go.mod h1:bwawxfHBFNV+L2hUp1rHADufV3IMtnDRdf1r5NINEl0=
github.com/stretchr/testify v0.0.0-20170130113145-4d4bfba8f1d1 h1:Zx8Rp9ozC4FPFxfEKRSUu8+Ay3sZxEUZ7JrCWMbGgvE=
github.com/stretchr/testify v0.0.0-20170130113145-4d4bfba8f1d1/go.mod h1:a8OnRcib4nhh0OaRAV+Yts87kKdq0PP7pXfy6kDkUVs=
